
Microsoft Visual Studio Solution File, Format Version 12.00
# Visual Studio 15
VisualStudioVersion = 15.0.27130.2036
MinimumVisualStudioVersion = 10.0.40219.1
Project("{FAE04EC0-301F-11D3-BF4B-00C04F79EFBC}") = "XamUnad", "XamUnad\XamUnad.csproj", "{B2BEEE7B-80C1-45FE-B5D5-82070DA5B425}"
EndProject
Global
	GlobalSection(SolutionConfigurationPlatforms) = preSolution
		Debug|Any CPU = Debug|Any CPU
		Release|Any CPU = Release|Any CPU
	EndGlobalSection
	GlobalSection(ProjectConfigurationPlatforms) = postSolution
		{B2BEEE7B-80C1-45FE-B5D5-82070DA5B425}.Debug|Any CPU.ActiveCfg = Debug|Any CPU
		{B2BEEE7B-80C1-45FE-B5D5-82070DA5B425}.Debug|Any CPU.Build.0 = Debug|Any CPU
		{B2BEEE7B-80C1-45FE-B5D5-82070DA5B425}.Release|Any CPU.ActiveCfg = Release|Any CPU
		{B2BEEE7B-80C1-45FE-B5D5-82070DA5B425}.Release|Any CPU.Build.0 = Release|Any CPU
	EndGlobalSection
	GlobalSection(SolutionProperties) = preSolution
		HideSolutionNode = FALSE
	EndGlobalSection
	GlobalSection(ExtensibilityGlobals) = postSolution
		SolutionGuid = {61973238-FE3B-4E48-AED8-7D9D82D41279}
	EndGlobalSection
EndGlobal
